[[package]]
category = "main"
description = "Async http client/server framework (asyncio)"
name = "aiohttp"
optional = false
python-versions = ">=3.5.3"
version = "3.5.4"

[package.dependencies]
async-timeout = ">=3.0,<4.0"
attrs = ">=17.3.0"
chardet = ">=2.0,<4.0"
multidict = ">=4.0,<5.0"
yarl = ">=1.0,<2.0"

[package.extras]
speedups = ["aiodns", "brotlipy", "cchardet"]

[[package]]
category = "dev"
description = "An abstract syntax tree for Python with inference support."
name = "astroid"
optional = false
python-versions = ">=3.5.*"
version = "2.3.2"

[package.dependencies]
lazy-object-proxy = ">=1.4.0,<1.5.0"
six = "1.12"
wrapt = ">=1.11.0,<1.12.0"

[package.dependencies.typed-ast]
python = "<3.8"
version = ">=1.4.0,<1.5"

[[package]]
category = "main"
description = "Timeout context manager for asyncio programs"
name = "async-timeout"
optional = false
python-versions = ">=3.5.3"
version = "3.0.1"

[[package]]
category = "main"
description = "An asyncio PosgtreSQL driver"
name = "asyncpg"
optional = false
python-versions = ">=3.5.0"
version = "0.19.0"

[package.extras]
dev = ["Cython (0.29)", "pytest (>=3.6.0)", "Sphinx (>=1.7.3,<1.8.0)", "sphinxcontrib-asyncio (>=0.2.0,<0.3.0)", "sphinx-rtd-theme (>=0.2.4,<0.3.0)", "flake8 (>=3.5.0,<3.6.0)", "uvloop (>=0.12.0,<0.13.0)"]
docs = ["Sphinx (>=1.7.3,<1.8.0)", "sphinxcontrib-asyncio (>=0.2.0,<0.3.0)", "sphinx-rtd-theme (>=0.2.4,<0.3.0)"]
test = ["flake8 (>=3.5.0,<3.6.0)", "uvloop (>=0.12.0,<0.13.0)"]

[[package]]
category = "main"
description = "Classes Without Boilerplate"
name = "attrs"
optional = false
python-versions = ">=2.7, !=3.0.*, !=3.1.*, !=3.2.*, !=3.3.*"
version = "19.3.0"

[package.extras]
azure-pipelines = ["coverage", "hypothesis", "pympler", "pytest (>=4.3.0)", "six", "zope.interface", "pytest-azurepipelines"]
dev = ["coverage", "hypothesis", "pympler", "pytest (>=4.3.0)", "six", "zope.interface", "sphinx", "pre-commit"]
docs = ["sphinx", "zope.interface"]
tests = ["coverage", "hypothesis", "pympler", "pytest (>=4.3.0)", "six", "zope.interface"]

[[package]]
category = "main"
description = "Universal encoding detector for Python 2 and 3"
name = "chardet"
optional = false
python-versions = "*"
version = "3.0.4"

[[package]]
category = "main"
description = "Cross-platform colored terminal text."
marker = "sys_platform == \"win32\""
name = "colorama"
optional = false
python-versions = ">=2.7, !=3.0.*, !=3.1.*, !=3.2.*, !=3.3.*"
version = "0.4.1"

[[package]]
category = "main"
description = "Colored terminal output for Python's logging module"
name = "coloredlogs"
optional = false
python-versions = "*"
version = "10.0"

[package.dependencies]
colorama = "*"
humanfriendly = ">=4.7"

[package.extras]
cron = ["capturer (>=2.4)"]

[[package]]
category = "main"
description = "A mirror package for discord.py. Please install that instead."
name = "discord"
optional = false
python-versions = "*"
version = "1.0.1"

[package.dependencies]
"discord.py" = ">=1.0.1"

[[package]]
category = "main"
description = "A python wrapper for the Discord API"
name = "discord.py"
optional = false
python-versions = ">=3.5.3"
version = "1.2.4"

[package.dependencies]
aiohttp = ">=3.3.0,<3.6.0"
websockets = ">=6.0,<7.0"

[package.extras]
docs = ["sphinx (1.7.4)", "sphinxcontrib-asyncio", "sphinxcontrib-websupport"]
voice = ["PyNaCl (1.3.0)"]

[[package]]
category = "main"
description = "Human friendly output for text interfaces using Python"
name = "humanfriendly"
optional = false
python-versions = "*"
version = "4.18"

[package.dependencies]
pyreadline = "*"

[[package]]
category = "main"
description = "Internationalized Domain Names in Applications (IDNA)"
name = "idna"
optional = false
python-versions = ">=2.7, !=3.0.*, !=3.1.*, !=3.2.*, !=3.3.*"
version = "2.8"

[[package]]
category = "dev"
description = "A Python utility / library to sort Python imports."
name = "isort"
optional = false
python-versions = ">=2.7, !=3.0.*, !=3.1.*, !=3.2.*, !=3.3.*"
version = "4.3.21"

[package.extras]
pipfile = ["pipreqs", "requirementslib"]
pyproject = ["toml"]
requirements = ["pipreqs", "pip-api"]
xdg_home = ["appdirs (>=1.4.0)"]

[[package]]
category = "dev"
description = "A fast and thorough lazy object proxy."
name = "lazy-object-proxy"
optional = false
python-versions = ">=2.7, !=3.0.*, !=3.1.*, !=3.2.*, !=3.3.*"
version = "1.4.3"

[[package]]
category = "dev"
description = "McCabe checker, plugin for flake8"
name = "mccabe"
optional = false
python-versions = "*"
version = "0.6.1"

[[package]]
category = "main"
description = "multidict implementation"
name = "multidict"
optional = false
python-versions = ">=3.4.1"
version = "4.5.2"

[[package]]
category = "dev"
description = "python code static checker"
name = "pylint"
optional = false
python-versions = ">=3.5.*"
version = "2.4.3"

[package.dependencies]
astroid = ">=2.3.0,<2.4"
colorama = "*"
isort = ">=4.2.5,<5"
mccabe = ">=0.6,<0.7"

[[package]]
category = "main"
description = "A python implmementation of GNU readline."
marker = "sys_platform == \"win32\""
name = "pyreadline"
optional = false
python-versions = "*"
version = "2.1"

[[package]]
category = "dev"
description = "Python 2 and 3 compatibility utilities"
name = "six"
optional = false
python-versions = ">=2.6, !=3.0.*, !=3.1.*"
version = "1.12.0"

[[package]]
category = "dev"
description = "a fork of Python 2 and 3 ast modules with type comment support"
marker = "implementation_name == \"cpython\" and python_version < \"3.8\""
name = "typed-ast"
optional = false
python-versions = "*"
version = "1.4.0"

[[package]]
category = "main"
description = "An implementation of the WebSocket Protocol (RFC 6455 & 7692)"
name = "websockets"
optional = false
python-versions = ">=3.4"
version = "6.0"

[[package]]
category = "dev"
description = "Module for decorators, wrappers and monkey patching."
name = "wrapt"
optional = false
python-versions = "*"
version = "1.11.2"

[[package]]
category = "main"
description = "Yet another URL library"
name = "yarl"
optional = false
python-versions = ">=3.5.3"
version = "1.3.0"

[package.dependencies]
idna = ">=2.0"
multidict = ">=4.0"

[metadata]
content-hash = "117fe048947c2d73e5435f7441faca0a5ba9c9852416a177ded20378af3dd4b5"
python-versions = "^3.7"

[metadata.files]
aiohttp = [
    {file = "aiohttp-3.5.4-cp35-cp35m-macosx_10_10_x86_64.whl", hash = "sha256:199f1d106e2b44b6dacdf6f9245493c7d716b01d0b7fbe1959318ba4dc64d1f5"},
    {file = "aiohttp-3.5.4-cp35-cp35m-macosx_10_11_x86_64.whl", hash = "sha256:0155af66de8c21b8dba4992aaeeabf55503caefae00067a3b1139f86d0ec50ed"},
    {file = "aiohttp-3.5.4-cp35-cp35m-macosx_10_13_x86_64.whl", hash = "sha256:cc619d974c8c11fe84527e4b5e1c07238799a8c29ea1c1285149170524ba9303"},
    {file = "aiohttp-3.5.4-cp35-cp35m-manylinux1_i686.whl", hash = "sha256:09654a9eca62d1bd6d64aa44db2498f60a5c1e0ac4750953fdd79d5c88955e10"},
    {file = "aiohttp-3.5.4-cp35-cp35m-manylinux1_x86_64.whl", hash = "sha256:629102a193162e37102c50713e2e31dc9a2fe7ac5e481da83e5bb3c0cee700aa"},
    {file = "aiohttp-3.5.4-cp35-cp35m-win32.whl", hash = "sha256:acc89b29b5f4e2332d65cd1b7d10c609a75b88ef8925d487a611ca788432dfa4"},
    {file = "aiohttp-3.5.4-cp35-cp35m-win_amd64.whl", hash = "sha256:a25237abf327530d9561ef751eef9511ab56fd9431023ca6f4803f1994104d72"},
    {file = "aiohttp-3.5.4-cp36-cp36m-macosx_10_10_x86_64.whl", hash = "sha256:87331d1d6810214085a50749160196391a712a13336cd02ce1c3ea3d05bcf8d5"},
    {file = "aiohttp-3.5.4-cp36-cp36m-macosx_10_11_x86_64.whl", hash = "sha256:a5cbd7157b0e383738b8e29d6e556fde8726823dae0e348952a61742b21aeb12"},
    {file = "aiohttp-3.5.4-cp36-cp36m-macosx_10_13_x86_64.whl", hash = "sha256:9cddaff94c0135ee627213ac6ca6d05724bfe6e7a356e5e09ec57bd3249510f6"},
    {file = "aiohttp-3.5.4-cp36-cp36m-manylinux1_i686.whl", hash = "sha256:d4392defd4648badaa42b3e101080ae3313e8f4787cb517efd3f5b8157eaefd6"},
    {file = "aiohttp-3.5.4-cp36-cp36m-manylinux1_x86_64.whl", hash = "sha256:c2bec436a2b5dafe5eaeb297c03711074d46b6eb236d002c13c42f25c4a8ce9d"},
    {file = "aiohttp-3.5.4-cp36-cp36m-win32.whl", hash = "sha256:296f30dedc9f4b9e7a301e5cc963012264112d78a1d3094cd83ef148fdf33ca1"},
    {file = "aiohttp-3.5.4-cp36-cp36m-win_amd64.whl", hash = "sha256:9a02a04bbe581c8605ac423ba3a74999ec9d8bce7ae37977a3d38680f5780b6d"},
    {file = "aiohttp-3.5.4-cp37-cp37m-macosx_10_10_x86_64.whl", hash = "sha256:b05bd85cc99b06740aad3629c2585bda7b83bd86e080b44ba47faf905fdf1300"},
    {file = "aiohttp-3.5.4-cp37-cp37m-macosx_10_11_x86_64.whl", hash = "sha256:40d7ea570b88db017c51392349cf99b7aefaaddd19d2c78368aeb0bddde9d390"},
    {file = "aiohttp-3.5.4-cp37-cp37m-macosx_10_13_x86_64.whl", hash = "sha256:a97a516e02b726e089cffcde2eea0d3258450389bbac48cbe89e0f0b6e7b0366"},
    {file = "aiohttp-3.5.4-cp37-cp37m-manylinux1_i686.whl", hash = "sha256:e1c3c582ee11af7f63a34a46f0448fca58e59889396ffdae1f482085061a2889"},
    {file = "aiohttp-3.5.4-cp37-cp37m-manylinux1_x86_64.whl", hash = "sha256:00d198585474299c9c3b4f1d5de1a576cc230d562abc5e4a0e81d71a20a6ca55"},
    {file = "aiohttp-3.5.4-cp37-cp37m-win32.whl", hash = "sha256:6d5ec9b8948c3d957e75ea14d41e9330e1ac3fed24ec53766c780f82805140dc"},
    {file = "aiohttp-3.5.4-cp37-cp37m-win_amd64.whl", hash = "sha256:368ed312550bd663ce84dc4b032a962fcb3c7cae099dbbd48663afc305e3b939"},
    {file = "aiohttp-3.5.4.tar.gz", hash = "sha256:9c4c83f4fa1938377da32bc2d59379025ceeee8e24b89f72fcbccd8ca22dc9bf"},
]
astroid = [
    {file = "astroid-2.3.2-py3-none-any.whl", hash = "sha256:5a79c9b4bd6c4be777424593f957c996e20beb5f74e0bc332f47713c6f675efe"},
    {file = "astroid-2.3.2.tar.gz", hash = "sha256:09a3fba616519311f1af8a461f804b68f0370e100c9264a035aa7846d7852e33"},
]
async-timeout = [
    {file = "async-timeout-3.0.1.tar.gz", hash = "sha256:0c3c816a028d47f659d6ff5c745cb2acf1f966da1fe5c19c77a70282b25f4c5f"},
    {file = "async_timeout-3.0.1-py3-none-any.whl", hash = "sha256:4291ca197d287d274d0b6cb5d6f8f8f82d434ed288f962539ff18cc9012f9ea3"},
]
asyncpg = [
    {file = "asyncpg-0.19.0-cp35-cp35m-macosx_10_13_x86_64.whl", hash = "sha256:81431aac651d0386f483697d831cd9cb6efa816fd08dcedf0387602f52c1d4d0"},
    {file = "asyncpg-0.19.0-cp35-cp35m-manylinux1_i686.whl", hash = "sha256:f3e9863510b4e54ade1d20af5ef18901dea44e4fd7259db516b73810c0a1ad2e"},
    {file = "asyncpg-0.19.0-cp35-cp35m-manylinux1_x86_64.whl", hash = "sha256:426eb401b760abb0ce670d1d09201f1ae5a58355d272c413d1f7d7b6e354b00d"},
    {file = "asyncpg-0.19.0-cp35-cp35m-win32.whl", hash = "sha256:aab3a90dba30fe9017b5326727b505e18fe024c2e205655d52e85f9b24f5b2ab"},
    {file = "asyncpg-0.19.0-cp35-cp35m-win_amd64.whl", hash = "sha256:8992efcda3022e82966857989c999d5da0e9fc76394f36099700ce544ef39621"},
    {file = "asyncpg-0.19.0-cp36-cp36m-macosx_10_13_x86_64.whl", hash = "sha256:8c5a9d6573940fe81de36af78459988b5672e427e95667323fe7dfd97f00cd09"},
    {file = "asyncpg-0.19.0-cp36-cp36m-manylinux1_i686.whl", hash = "sha256:e41c8ef26019c27f76cb280dfebad23f84af99ac846b19bcaea06f1b2a2f5fce"},
    {file = "asyncpg-0.19.0-cp36-cp36m-manylinux1_x86_64.whl", hash = "sha256:ccad6b5a59b1c27623c48a840d1f6024994551f27ca0d6c253f64004eaf8a3e6"},
    {file = "asyncpg-0.19.0-cp36-cp36m-win32.whl", hash = "sha256:45254bc128b175cec75c1cbc64de77bdf5593cbff4cdc58c4ca810878ddfe00b"},
    {file = "asyncpg-0.19.0-cp36-cp36m-win_amd64.whl", hash = "sha256:35ce817f4a1cef966434e564b69e760d98f0fc2bac73c8786058bd6136ed304e"},
    {file = "asyncpg-0.19.0-cp37-cp37m-macosx_10_13_x86_64.whl", hash = "sha256:d3ac4751ae5f77fc646cfeb3f9180f2561eb0876a6b7619cb4e4e290e3432811"},
    {file = "asyncpg-0.19.0-cp37-cp37m-manylinux1_i686.whl", hash = "sha256:cebf06ac15626f3ccb6a537fe593460cdd581bf1aa33dbf3068a21dbef7e393a"},
    {file = "asyncpg-0.19.0-cp37-cp37m-manylinux1_x86_64.whl", hash = "sha256:6a9d9824c29a72dc109b9f9e7916c36bbb6ed15e1f3154aa976ac776caf9ad88"},
    {file = "asyncpg-0.19.0-cp37-cp37m-win32.whl", hash = "sha256:16c2accafda9410fd7e8ee561c2bcd1d3141118be81dc9eccc4e671877fecb72"},
    {file = "asyncpg-0.19.0-cp37-cp37m-win_amd64.whl", hash = "sha256:0527cca24a1bb90b7872867518f25f51a431116075bebbe86149fef593630736"},
    {file = "asyncpg-0.19.0.tar.gz", hash = "sha256:b253bbbe42eba8e00ad63939ff9d43a5f74e26a4e8f883de867920feb4a9e36a"},
]
attrs = [
    {file = "attrs-19.3.0-py2.py3-none-any.whl", hash = "sha256:08a96c641c3a74e44eb59afb61a24f2cb9f4d7188748e76ba4bb5edfa3cb7d1c"},
    {file = "attrs-19.3.0.tar.gz", hash = "sha256:f7b7ce16570fe9965acd6d30101a28f62fb4a7f9e926b3bbc9b61f8b04247e72"},
]
chardet = [
    {file = "chardet-3.0.4-py2.py3-none-any.whl", hash = "sha256:fc323ffcaeaed0e0a02bf4d117757b98aed530d9ed4531e3e15460124c106691"},
    {file = "chardet-3.0.4.tar.gz", hash = "sha256:84ab92ed1c4d4f16916e05906b6b75a6c0fb5db821cc65e70cbd64a3e2a5eaae"},
]
colorama = [
    {file = "colorama-0.4.1-py2.py3-none-any.whl", hash = "sha256:f8ac84de7840f5b9c4e3347b3c1eaa50f7e49c2b07596221daec5edaabbd7c48"},
    {file = "colorama-0.4.1.tar.gz", hash = "sha256:05eed71e2e327246ad6b38c540c4a3117230b19679b875190486ddd2d721422d"},
]
coloredlogs = [
    {file = "coloredlogs-10.0-py2.py3-none-any.whl", hash = "sha256:34fad2e342d5a559c31b6c889e8d14f97cb62c47d9a2ae7b5ed14ea10a79eff8"},
    {file = "coloredlogs-10.0.tar.gz", hash = "sha256:b869a2dda3fa88154b9dd850e27828d8755bfab5a838a1c97fbc850c6e377c36"},
]
discord = [
    {file = "discord-1.0.1-py3-none-any.whl", hash = "sha256:9d4debb4a37845543bd4b92cb195bc53a302797333e768e70344222857ff1559"},
    {file = "discord-1.0.1.tar.gz", hash = "sha256:ff6653655e342e7721dfb3f10421345fd852c2a33f2cca912b1c39b3778a9429"},
]
"discord.py" = [
    {file = "discord.py-1.2.4-py3-none-any.whl", hash = "sha256:2d5fec14b1c047b561336e969939e7f34564489851ec1a7edb8d303087127256"},
    {file = "discord.py-1.2.4.tar.gz", hash = "sha256:3e044d84f0bb275d173e2d958cb4a579e525707f90e3e8a15c59901f79e80663"},
]
humanfriendly = [
    {file = "humanfriendly-4.18-py2.py3-none-any.whl", hash = "sha256:23057b10ad6f782e7bc3a20e3cb6768ab919f619bbdc0dd75691121bbde5591d"},
    {file = "humanfriendly-4.18.tar.gz", hash = "sha256:33ee8ceb63f1db61cce8b5c800c531e1a61023ac5488ccde2ba574a85be00a85"},
]
idna = [
    {file = "idna-2.8-py2.py3-none-any.whl", hash = "sha256:ea8b7f6188e6fa117537c3df7da9fc686d485087abf6ac197f9c46432f7e4a3c"},
    {file = "idna-2.8.tar.gz", hash = "sha256:c357b3f628cf53ae2c4c05627ecc484553142ca23264e593d327bcde5e9c3407"},
]
isort = [
    {file = "isort-4.3.21-py2.py3-none-any.whl", hash = "sha256:6e811fcb295968434526407adb8796944f1988c5b65e8139058f2014cbe100fd"},
    {file = "isort-4.3.21.tar.gz", hash = "sha256:54da7e92468955c4fceacd0c86bd0ec997b0e1ee80d97f67c35a78b719dccab1"},
]
lazy-object-proxy = [
    {file = "lazy-object-proxy-1.4.3.tar.gz", hash = "sha256:f3900e8a5de27447acbf900b4750b0ddfd7ec1ea7fbaf11dfa911141bc522af0"},
    {file = "lazy_object_proxy-1.4.3-cp27-cp27m-macosx_10_13_x86_64.whl", hash = "sha256:a2238e9d1bb71a56cd710611a1614d1194dc10a175c1e08d75e1a7bcc250d442"},
    {file = "lazy_object_proxy-1.4.3-cp27-cp27m-win32.whl", hash = "sha256:efa1909120ce98bbb3777e8b6f92237f5d5c8ea6758efea36a473e1d38f7d3e4"},
    {file = "lazy_object_proxy-1.4.3-cp27-cp27m-win_amd64.whl", hash = "sha256:4677f594e474c91da97f489fea5b7daa17b5517190899cf213697e48d3902f5a"},
    {file = "lazy_object_proxy-1.4.3-cp27-cp27mu-manylinux1_x86_64.whl", hash = "sha256:0c4b206227a8097f05c4dbdd323c50edf81f15db3b8dc064d08c62d37e1a504d"},
    {file = "lazy_object_proxy-1.4.3-cp34-cp34m-manylinux1_x86_64.whl", hash = "sha256:d945239a5639b3ff35b70a88c5f2f491913eb94871780ebfabb2568bd58afc5a"},
    {file = "lazy_object_proxy-1.4.3-cp34-cp34m-win32.whl", hash = "sha256:9651375199045a358eb6741df3e02a651e0330be090b3bc79f6d0de31a80ec3e"},
    {file = "lazy_object_proxy-1.4.3-cp34-cp34m-win_amd64.whl", hash = "sha256:eba7011090323c1dadf18b3b689845fd96a61ba0a1dfbd7f24b921398affc357"},
    {file = "lazy_object_proxy-1.4.3-cp35-cp35m-manylinux1_x86_64.whl", hash = "sha256:48dab84ebd4831077b150572aec802f303117c8cc5c871e182447281ebf3ac50"},
    {file = "lazy_object_proxy-1.4.3-cp35-cp35m-win32.whl", hash = "sha256:ca0a928a3ddbc5725be2dd1cf895ec0a254798915fb3a36af0964a0a4149e3db"},
    {file = "lazy_object_proxy-1.4.3-cp35-cp35m-win_amd64.whl", hash = "sha256:194d092e6f246b906e8f70884e620e459fc54db3259e60cf69a4d66c3fda3449"},
    {file = "lazy_object_proxy-1.4.3-cp36-cp36m-manylinux1_x86_64.whl", hash = "sha256:97bb5884f6f1cdce0099f86b907aa41c970c3c672ac8b9c8352789e103cf3156"},
    {file = "lazy_object_proxy-1.4.3-cp36-cp36m-win32.whl", hash = "sha256:cb2c7c57005a6804ab66f106ceb8482da55f5314b7fcb06551db1edae4ad1531"},
    {file = "lazy_object_proxy-1.4.3-cp36-cp36m-win_amd64.whl", hash = "sha256:8d859b89baf8ef7f8bc6b00aa20316483d67f0b1cbf422f5b4dc56701c8f2ffb"},
    {file = "lazy_object_proxy-1.4.3-cp37-cp37m-macosx_10_13_x86_64.whl", hash = "sha256:1be7e4c9f96948003609aa6c974ae59830a6baecc5376c25c92d7d697e684c08"},
    {file = "lazy_object_proxy-1.4.3-cp37-cp37m-manylinux1_x86_64.whl", hash = "sha256:d74bb8693bf9cf75ac3b47a54d716bbb1a92648d5f781fc799347cfc95952383"},
    {file = "lazy_object_proxy-1.4.3-cp37-cp37m-win32.whl", hash = "sha256:9b15f3f4c0f35727d3a0fba4b770b3c4ebbb1fa907dbcc046a1d2799f3edd142"},
    {file = "lazy_object_proxy-1.4.3-cp37-cp37m-win_amd64.whl", hash = "sha256:9254f4358b9b541e3441b007a0ea0764b9d056afdeafc1a5569eee1cc6c1b9ea"},
    {file = "lazy_object_proxy-1.4.3-cp38-cp38-manylinux1_x86_64.whl", hash = "sha256:a6ae12d08c0bf9909ce12385803a543bfe99b95fe01e752536a60af2b7797c62"},
    {file = "lazy_object_proxy-1.4.3-cp38-cp38-win32.whl", hash = "sha256:5541cada25cd173702dbd99f8e22434105456314462326f06dba3e180f203dfd"},
    {file = "lazy_object_proxy-1.4.3-cp38-cp38-win_amd64.whl", hash = "sha256:59f79fef100b09564bc2df42ea2d8d21a64fdcda64979c0fa3db7bdaabaf6239"},
]
mccabe = [
    {file = "mccabe-0.6.1-py2.py3-none-any.whl", hash = "sha256:ab8a6258860da4b6677da4bd2fe5dc2c659cff31b3ee4f7f5d64e79735b80d42"},
    {file = "mccabe-0.6.1.tar.gz", hash = "sha256:dd8d182285a0fe56bace7f45b5e7d1a6ebcbf524e8f3bd87eb0f125271b8831f"},
]
multidict = [
    {file = "multidict-4.5.2-cp34-cp34m-macosx_10_12_intel.macosx_10_12_x86_64.macosx_10_13_intel.macosx_10_13_x86_64.whl", hash = "sha256:068167c2d7bbeebd359665ac4fff756be5ffac9cda02375b5c5a7c4777038e73"},
    {file = "multidict-4.5.2-cp34-cp34m-macosx_10_6_intel.macosx_10_6_x86_64.macosx_10_7_intel.macosx_10_7_x86_64.macosx_10_8_intel.macosx_10_8_x86_64.whl", hash = "sha256:7c1b7eab7a49aa96f3db1f716f0113a8a2e93c7375dd3d5d21c4941f1405c9c5"},
    {file = "multidict-4.5.2-cp34-cp34m-macosx_10_9_intel.macosx_10_9_x86_64.macosx_10_10_intel.macosx_10_10_x86_64.macosx_10_11_intel.macosx_10_11_x86_64.whl", hash = "sha256:8ccd1c5fff1aa1427100ce188557fc31f1e0a383ad8ec42c559aabd4ff08802d"},
    {file = "multidict-4.5.2-cp34-cp34m-manylinux1_i686.whl", hash = "sha256:6a3a9b0f45fd75dc05d8e93dc21b18fc1670135ec9544d1ad4acbcf6b86781d0"},
    {file = "multidict-4.5.2-cp34-cp34m-manylinux1_x86_64.whl", hash = "sha256:31dfa2fc323097f8ad7acd41aa38d7c614dd1960ac6681745b6da124093dc351"},
    {file = "multidict-4.5.2-cp34-cp34m-win32.whl", hash = "sha256:8e08dd76de80539d613654915a2f5196dbccc67448df291e69a88712ea21e24a"},
    {file = "multidict-4.5.2-cp34-cp34m-win_amd64.whl", hash = "sha256:d1071414dd06ca2eafa90c85a079169bfeb0e5f57fd0b45d44c092546fcd6fd9"},
    {file = "multidict-4.5.2-cp35-cp35m-macosx_10_12_intel.macosx_10_12_x86_64.macosx_10_13_intel.macosx_10_13_x86_64.whl", hash = "sha256:1d1c77013a259971a72ddaa83b9f42c80a93ff12df6a4723be99d858fa30bee3"},
    {file = "multidict-4.5.2-cp35-cp35m-macosx_10_6_intel.macosx_10_6_x86_64.macosx_10_7_intel.macosx_10_7_x86_64.macosx_10_8_intel.macosx_10_8_x86_64.whl", hash = "sha256:3d5dd8e5998fb4ace04789d1d008e2bb532de501218519d70bb672c4c5a2fc5d"},
    {file = "multidict-4.5.2-cp35-cp35m-macosx_10_9_intel.macosx_10_9_x86_64.macosx_10_10_intel.macosx_10_10_x86_64.macosx_10_11_intel.macosx_10_11_x86_64.whl", hash = "sha256:7fc0eee3046041387cbace9314926aa48b681202f8897f8bff3809967a049036"},
    {file = "multidict-4.5.2-cp35-cp35m-manylinux1_i686.whl", hash = "sha256:041e9442b11409be5e4fc8b6a97e4bcead758ab1e11768d1e69160bdde18acc3"},
    {file = "multidict-4.5.2-cp35-cp35m-manylinux1_x86_64.whl", hash = "sha256:c49db89d602c24928e68c0d510f4fcf8989d77defd01c973d6cbe27e684833b1"},
    {file = "multidict-4.5.2-cp35-cp35m-win32.whl", hash = "sha256:34f82db7f80c49f38b032c5abb605c458bac997a6c3142e0d6c130be6fb2b941"},
    {file = "multidict-4.5.2-cp35-cp35m-win_amd64.whl", hash = "sha256:5de53a28f40ef3c4fd57aeab6b590c2c663de87a5af76136ced519923d3efbb3"},
    {file = "multidict-4.5.2-cp36-cp36m-macosx_10_12_intel.macosx_10_12_x86_64.macosx_10_13_intel.macosx_10_13_x86_64.whl", hash = "sha256:db603a1c235d110c860d5f39988ebc8218ee028f07a7cbc056ba6424372ca31b"},
    {file = "multidict-4.5.2-cp36-cp36m-macosx_10_6_intel.macosx_10_6_x86_64.macosx_10_7_intel.macosx_10_7_x86_64.macosx_10_8_intel.macosx_10_8_x86_64.whl", hash = "sha256:ce20044d0317649ddbb4e54dab3c1bcc7483c78c27d3f58ab3d0c7e6bc60d26a"},
    {file = "multidict-4.5.2-cp36-cp36m-macosx_10_9_intel.macosx_10_9_x86_64.macosx_10_10_intel.macosx_10_10_x86_64.macosx_10_11_intel.macosx_10_11_x86_64.whl", hash = "sha256:4b843f8e1dd6a3195679d9838eb4670222e8b8d01bc36c9894d6c3538316fa0a"},
    {file = "multidict-4.5.2-cp36-cp36m-manylinux1_i686.whl", hash = "sha256:047c0a04e382ef8bd74b0de01407e8d8632d7d1b4db6f2561106af812a68741b"},
    {file = "multidict-4.5.2-cp36-cp36m-manylinux1_x86_64.whl", hash = "sha256:148ff60e0fffa2f5fad2eb25aae7bef23d8f3b8bdaf947a65cdbe84a978092bc"},
    {file = "multidict-4.5.2-cp36-cp36m-win32.whl", hash = "sha256:4b02a3b2a2f01d0490dd39321c74273fed0568568ea0e7ea23e02bd1fb10a10b"},
    {file = "multidict-4.5.2-cp36-cp36m-win_amd64.whl", hash = "sha256:d3be11ac43ab1a3e979dac80843b42226d5d3cccd3986f2e03152720a4297cd7"},
    {file = "multidict-4.5.2-cp37-cp37m-macosx_10_12_intel.macosx_10_12_x86_64.macosx_10_13_intel.macosx_10_13_x86_64.whl", hash = "sha256:1d48bc124a6b7a55006d97917f695effa9725d05abe8ee78fd60d6588b8344cd"},
    {file = "multidict-4.5.2-cp37-cp37m-macosx_10_6_intel.macosx_10_6_x86_64.macosx_10_7_intel.macosx_10_7_x86_64.macosx_10_8_intel.macosx_10_8_x86_64.whl", hash = "sha256:61b2b33ede821b94fa99ce0b09c9ece049c7067a33b279f343adfe35108a4ea7"},
    {file = "multidict-4.5.2-cp37-cp37m-macosx_10_9_intel.macosx_10_9_x86_64.macosx_10_10_intel.macosx_10_10_x86_64.macosx_10_11_intel.macosx_10_11_x86_64.whl", hash = "sha256:76ad8e4c69dadbb31bad17c16baee61c0d1a4a73bed2590b741b2e1a46d3edd0"},
    {file = "multidict-4.5.2-cp37-cp37m-manylinux1_i686.whl", hash = "sha256:7ba19b777dc00194d1b473180d4ca89a054dd18de27d0ee2e42a103ec9b7d014"},
    {file = "multidict-4.5.2-cp37-cp37m-manylinux1_x86_64.whl", hash = "sha256:c18498c50c59263841862ea0501da9f2b3659c00db54abfbf823a80787fde8ce"},
    {file = "multidict-4.5.2-cp37-cp37m-win32.whl", hash = "sha256:045b4dd0e5f6121e6f314d81759abd2c257db4634260abcfe0d3f7083c4908ef"},
    {file = "multidict-4.5.2-cp37-cp37m-win_amd64.whl", hash = "sha256:4a6ae52bd3ee41ee0f3acf4c60ceb3f44e0e3bc52ab7da1c2b2aa6703363a3d1"},
    {file = "multidict-4.5.2.tar.gz", hash = "sha256:024b8129695a952ebd93373e45b5d341dbb87c17ce49637b34000093f243dd4f"},
]
pylint = [
    {file = "pylint-2.4.3-py3-none-any.whl", hash = "sha256:7b76045426c650d2b0f02fc47c14d7934d17898779da95288a74c2a7ec440702"},
    {file = "pylint-2.4.3.tar.gz", hash = "sha256:856476331f3e26598017290fd65bebe81c960e806776f324093a46b76fb2d1c0"},
]
pyreadline = [
    {file = "pyreadline-2.1.win-amd64.exe", hash = "sha256:9ce5fa65b8992dfa373bddc5b6e0864ead8f291c94fbfec05fbd5c836162e67b"},
    {file = "pyreadline-2.1.win32.exe", hash = "sha256:65540c21bfe14405a3a77e4c085ecfce88724743a4ead47c66b84defcf82c32e"},
    {file = "pyreadline-2.1.zip", hash = "sha256:4530592fc2e85b25b1a9f79664433da09237c1a270e4d78ea5aa3a2c7229e2d1"},
]
six = [
    {file = "six-1.12.0-py2.py3-none-any.whl", hash = "sha256:3350809f0555b11f552448330d0b52d5f24c91a322ea4a15ef22629740f3761c"},
    {file = "six-1.12.0.tar.gz", hash = "sha256:d16a0141ec1a18405cd4ce8b4613101da75da0e9a7aec5bdd4fa804d0e0eba73"},
]
typed-ast = [
    {file = "typed_ast-1.4.0-cp35-cp35m-manylinux1_i686.whl", hash = "sha256:262c247a82d005e43b5b7f69aff746370538e176131c32dda9cb0f324d27141e"},
    {file = "typed_ast-1.4.0-cp35-cp35m-manylinux1_x86_64.whl", hash = "sha256:71211d26ffd12d63a83e079ff258ac9d56a1376a25bc80b1cdcdf601b855b90b"},
    {file = "typed_ast-1.4.0-cp35-cp35m-win32.whl", hash = "sha256:630968c5cdee51a11c05a30453f8cd65e0cc1d2ad0d9192819df9978984529f4"},
    {file = "typed_ast-1.4.0-cp35-cp35m-win_amd64.whl", hash = "sha256:ffde2fbfad571af120fcbfbbc61c72469e72f550d676c3342492a9dfdefb8f12"},
    {file = "typed_ast-1.4.0-cp36-cp36m-macosx_10_9_x86_64.whl", hash = "sha256:4e0b70c6fc4d010f8107726af5fd37921b666f5b31d9331f0bd24ad9a088e631"},
    {file = "typed_ast-1.4.0-cp36-cp36m-manylinux1_i686.whl", hash = "sha256:bc6c7d3fa1325a0c6613512a093bc2a2a15aeec350451cbdf9e1d4bffe3e3233"},
    {file = "typed_ast-1.4.0-cp36-cp36m-manylinux1_x86_64.whl", hash = "sha256:cc34a6f5b426748a507dd5d1de4c1978f2eb5626d51326e43280941206c209e1"},
    {file = "typed_ast-1.4.0-cp36-cp36m-win32.whl", hash = "sha256:d896919306dd0aa22d0132f62a1b78d11aaf4c9fc5b3410d3c666b818191630a"},
    {file = "typed_ast-1.4.0-cp36-cp36m-win_amd64.whl", hash = "sha256:354c16e5babd09f5cb0ee000d54cfa38401d8b8891eefa878ac772f827181a3c"},
    {file = "typed_ast-1.4.0-cp37-cp37m-macosx_10_9_x86_64.whl", hash = "sha256:95bd11af7eafc16e829af2d3df510cecfd4387f6453355188342c3e79a2ec87a"},
    {file = "typed_ast-1.4.0-cp37-cp37m-manylinux1_i686.whl", hash = "sha256:18511a0b3e7922276346bcb47e2ef9f38fb90fd31cb9223eed42c85d1312344e"},
    {file = "typed_ast-1.4.0-cp37-cp37m-manylinux1_x86_64.whl", hash = "sha256:d7c45933b1bdfaf9f36c579671fec15d25b06c8398f113dab64c18ed1adda01d"},
    {file = "typed_ast-1.4.0-cp37-cp37m-win32.whl", hash = "sha256:d755f03c1e4a51e9b24d899561fec4ccaf51f210d52abdf8c07ee2849b212a36"},
    {file = "typed_ast-1.4.0-cp37-cp37m-win_amd64.whl", hash = "sha256:2b907eb046d049bcd9892e3076c7a6456c93a25bebfe554e931620c90e6a25b0"},
    {file = "typed_ast-1.4.0-cp38-cp38-macosx_10_9_x86_64.whl", hash = "sha256:fdc1c9bbf79510b76408840e009ed65958feba92a88833cdceecff93ae8fff66"},
    {file = "typed_ast-1.4.0-cp38-cp38-manylinux1_i686.whl", hash = "sha256:7954560051331d003b4e2b3eb822d9dd2e376fa4f6d98fee32f452f52dd6ebb2"},
    {file = "typed_ast-1.4.0-cp38-cp38-manylinux1_x86_64.whl", hash = "sha256:48e5b1e71f25cfdef98b013263a88d7145879fbb2d5185f2a0c79fa7ebbeae47"},
    {file = "typed_ast-1.4.0-cp38-cp38-win32.whl", hash = "sha256:1170afa46a3799e18b4c977777ce137bb53c7485379d9706af8a59f2ea1aa161"},
    {file = "typed_ast-1.4.0-cp38-cp38-win_amd64.whl", hash = "sha256:838997f4310012cf2e1ad3803bce2f3402e9ffb71ded61b5ee22617b3a7f6b6e"},
    {file = "typed_ast-1.4.0.tar.gz", hash = "sha256:66480f95b8167c9c5c5c87f32cf437d585937970f3fc24386f313a4c97b44e34"},
]
websockets = [
    {file = "websockets-6.0-cp34-cp34m-macosx_10_6_intel.whl", hash = "sha256:e02e57346f6a68523e3c43bbdf35dde5c440318d1f827208ae455f6a2ace446d"},
    {file = "websockets-6.0-cp34-cp34m-manylinux1_i686.whl", hash = "sha256:cb998bd4d93af46b8b49ecf5a72c0a98e5cc6d57fdca6527ba78ad89d6606484"},
    {file = "websockets-6.0-cp34-cp34m-manylinux1_x86_64.whl", hash = "sha256:99ac266af38ba1b1fe13975aea01ac0e14bb5f3a3200d2c69f05385768b8568e"},
    {file = "websockets-6.0-cp34-cp34m-win32.whl", hash = "sha256:f1414e6cbcea8d22843e7eafdfdfae3dd1aba41d1945f6ca66e4806c07c4f454"},
    {file = "websockets-6.0-cp34-cp34m-win_amd64.whl", hash = "sha256:9fa122e7adb24232247f8a89f2d9070bf64b7869daf93ac5e19546b409e47e96"},
    {file = "websockets-6.0-cp35-cp35m-macosx_10_6_intel.whl", hash = "sha256:5c1f55a1274df9d6a37553fef8cff2958515438c58920897675c9bc70f5a0538"},
    {file = "websockets-6.0-cp35-cp35m-manylinux1_i686.whl", hash = "sha256:6b2e03d69afa8d20253455e67b64de1a82ff8612db105113cccec35d3f8429f0"},
    {file = "websockets-6.0-cp35-cp35m-manylinux1_x86_64.whl", hash = "sha256:5a1fa6072405648cb5b3688e9ed3b94be683ce4a4e5723e6f5d34859dee495c1"},
    {file = "websockets-6.0-cp35-cp35m-win32.whl", hash = "sha256:79ca7cdda7ad4e3663ea3c43bfa8637fc5d5604c7737f19a8964781abbd1148d"},
    {file = "websockets-6.0-cp35-cp35m-win_amd64.whl", hash = "sha256:2a16dac282b2fdae75178d0ed3d5b9bc3258dabfae50196cbb30578d84b6f6a6"},
    {file = "websockets-6.0-cp36-cp36m-macosx_10_6_intel.whl", hash = "sha256:952be9540d83dba815569d5cb5f31708801e0bbfc3a8c5aef1890b57ed7e58bf"},
    {file = "websockets-6.0-cp36-cp36m-manylinux1_i686.whl", hash = "sha256:82c0354ac39379d836719a77ee360ef865377aa6fdead87909d50248d0f05f4d"},
    {file = "websockets-6.0-cp36-cp36m-manylinux1_x86_64.whl", hash = "sha256:91ec98640220ae05b34b79ee88abf27f97ef7c61cf525eec57ea8fcea9f7dddb"},
    {file = "websockets-6.0-cp36-cp36m-win32.whl", hash = "sha256:7fd2dd9a856f72e6ed06f82facfce01d119b88457cd4b47b7ae501e8e11eba9c"},
    {file = "websockets-6.0-cp36-cp36m-win_amd64.whl", hash = "sha256:ee55eb6bcf23ecc975e6b47c127c201b913598f38b6a300075f84eeef2d3baff"},
    {file = "websockets-6.0-cp37-cp37m-macosx_10_6_intel.whl", hash = "sha256:695e34c4dbea18d09ab2c258994a8bf6a09564e762655408241f6a14592d2908"},
    {file = "websockets-6.0-cp37-cp37m-manylinux1_i686.whl", hash = "sha256:e79a5a896bcee7fff24a788d72e5c69f13e61369d055f28113e71945a7eb1559"},
    {file = "websockets-6.0-cp37-cp37m-manylinux1_x86_64.whl", hash = "sha256:669d1e46f165e0ad152ed8197f7edead22854a6c90419f544e0f234cc9dac6c4"},
    {file = "websockets-6.0-cp37-cp37m-win32.whl", hash = "sha256:0e2f7d6567838369af074f0ef4d0b802d19fa1fee135d864acc656ceefa33136"},
    {file = "websockets-6.0-cp37-cp37m-win_amd64.whl", hash = "sha256:a0873eadc4b8ca93e2e848d490809e0123eea154aa44ecd0109c4d0171869584"},
    {file = "websockets-6.0.tar.gz", hash = "sha256:8f3b956d11c5b301206382726210dc1d3bee1a9ccf7aadf895aaf31f71c3716c"},
]
wrapt = [
    {file = "wrapt-1.11.2.tar.gz", hash = "sha256:565a021fd19419476b9362b05eeaa094178de64f8361e44468f9e9d7843901e1"},
]
yarl = [
    {file = "yarl-1.3.0-cp35-cp35m-manylinux1_i686.whl", hash = "sha256:3e2724eb9af5dc41648e5bb304fcf4891adc33258c6e14e2a7414ea32541e320"},
    {file = "yarl-1.3.0-cp35-cp35m-manylinux1_x86_64.whl", hash = "sha256:3890ab952d508523ef4881457c4099056546593fa05e93da84c7250516e632eb"},
    {file = "yarl-1.3.0-cp35-cp35m-win32.whl", hash = "sha256:7ab825726f2940c16d92aaec7d204cfc34ac26c0040da727cf8ba87255a33829"},
    {file = "yarl-1.3.0-cp35-cp35m-win_amd64.whl", hash = "sha256:b25de84a8c20540531526dfbb0e2d2b648c13fd5dd126728c496d7c3fea33310"},
    {file = "yarl-1.3.0-cp36-cp36m-manylinux1_i686.whl", hash = "sha256:2f3010703295fbe1aec51023740871e64bb9664c789cba5a6bdf404e93f7568f"},
    {file = "yarl-1.3.0-cp36-cp36m-manylinux1_x86_64.whl", hash = "sha256:5badb97dd0abf26623a9982cd448ff12cb39b8e4c94032ccdedf22ce01a64842"},
    {file = "yarl-1.3.0-cp36-cp36m-win32.whl", hash = "sha256:c9bb7c249c4432cd47e75af3864bc02d26c9594f49c82e2a28624417f0ae63b8"},
    {file = "yarl-1.3.0-cp36-cp36m-win_amd64.whl", hash = "sha256:c6e341f5a6562af74ba55205dbd56d248daf1b5748ec48a0200ba227bb9e33f4"},
    {file = "yarl-1.3.0-cp37-cp37m-win32.whl", hash = "sha256:e060906c0c585565c718d1c3841747b61c5439af2211e185f6739a9412dfbde1"},
    {file = "yarl-1.3.0-cp37-cp37m-win_amd64.whl", hash = "sha256:73f447d11b530d860ca1e6b582f947688286ad16ca42256413083d13f260b7a0"},
    {file = "yarl-1.3.0.tar.gz", hash = "sha256:024ecdc12bc02b321bc66b41327f930d1c2c543fa9a561b39861da9388ba7aa9"},
]
